
Microsoft Visual Studio Solution File, Format Version 12.00
# Visual Studio Version 17
VisualStudioVersion = 17.0.32112.339
MinimumVisualStudioVersion = 10.0.40219.1
Project("{FAE04EC0-301F-11D3-BF4B-00C04F79EFBC}") = "WarpPointManager", "WarpPointManager\WarpPointManager.csproj", "{C9D581E8-DF6E-4243-874D-8FAA27557341}"
EndProject
Global
	GlobalSection(SolutionConfigurationPlatforms) = preSolution
		Debug|Any CPU = Debug|Any CPU
		Release|Any CPU = Release|Any CPU
	EndGlobalSection
	GlobalSection(ProjectConfigurationPlatforms) = postSolution
		{C9D581E8-DF6E-4243-874D-8FAA27557341}.Debug|Any CPU.ActiveCfg = Debug|Any CPU
		{C9D581E8-DF6E-4243-874D-8FAA27557341}.Debug|Any CPU.Build.0 = Debug|Any CPU
		{C9D581E8-DF6E-4243-874D-8FAA27557341}.Release|Any CPU.ActiveCfg = Release|Any CPU
		{C9D581E8-DF6E-4243-874D-8FAA27557341}.Release|Any CPU.Build.0 = Release|Any CPU
	EndGlobalSection
	GlobalSection(SolutionProperties) = preSolution
		HideSolutionNode = FALSE
	EndGlobalSection
	GlobalSection(ExtensibilityGlobals) = postSolution
		SolutionGuid = {58C7FDBB-2727-4CEB-B991-F6738F275535}
	EndGlobalSection
EndGlobal
